
Microsoft Visual Studio Solution File, Format Version 12.00
# Visual Studio Version 17
VisualStudioVersion = 17.8.34330.188
MinimumVisualStudioVersion = 10.0.40219.1
Project("{FAE04EC0-301F-11D3-BF4B-00C04F79EFBC}") = "BarilTripApi", "BarilTripApi\BarilTripApi.csproj", "{A1811919-1723-4BA2-B236-EB040648D16F}"
EndProject
Global
	GlobalSection(SolutionConfigurationPlatforms) = preSolution
		Debug|Any CPU = Debug|Any CPU
		Release|Any CPU = Release|Any CPU
	EndGlobalSection
	GlobalSection(ProjectConfigurationPlatforms) = postSolution
		{A1811919-1723-4BA2-B236-EB040648D16F}.Debug|Any CPU.ActiveCfg = Debug|Any CPU
		{A1811919-1723-4BA2-B236-EB040648D16F}.Debug|Any CPU.Build.0 = Debug|Any CPU
		{A1811919-1723-4BA2-B236-EB040648D16F}.Release|Any CPU.ActiveCfg = Release|Any CPU
		{A1811919-1723-4BA2-B236-EB040648D16F}.Release|Any CPU.Build.0 = Release|Any CPU
	EndGlobalSection
	GlobalSection(SolutionProperties) = preSolution
		HideSolutionNode = FALSE
	EndGlobalSection
	GlobalSection(ExtensibilityGlobals) = postSolution
		SolutionGuid = {205B7502-EB51-4C6D-925B-1D8491333D0E}
	EndGlobalSection
EndGlobal
